{
  "name": "vulns4js",
  "version": "1.0.0",
  "lockfileVersion": 2,
  "requires": true,
  "packages": {
    "": {
      "name": "vulns4js",
      "version": "1.0.0",
      "license": "ISC",
      "dependencies": {
        "@firebase/util": "^0.3.2",
        "dot-prop": "^2.0.0",
        "immer": "^8.0.0",
        "install": "^0.13.0",
        "js-ini": "^1.3.0",
        "keyd": "^1.3.4",
        "lodash": "^4.17.11",
        "nested-property": "^0.0.5",
        "objtools": "^3.0.0",
        "property-expr": "^2.0.2",
        "safe-flat": "^2.0.0",
        "shvl": "^2.0.1",
        "smart-extend": "^1.7.3",
        "supermixer": "^1.0.3",
        "upmerge": "0.1.7",
        "y18n": "^3.1.0",
        "yargs-parser": "^6.0.0"
      }
    },
    "node_modules/@firebase/util": {
      "version": "0.3.2",
      "resolved": "https://registry.npmjs.org/@firebase/util/-/util-0.3.2.tgz",
      "integrity": "sha512-Dqs00++c8rwKky6KCKLLY2T1qYO4Q+X5t+lF7DInXDNF4ae1Oau35bkD+OpJ9u7l1pEv7KHowP6CUKuySCOc8g==",
      "dependencies": {
        "tslib": "^1.11.1"
      }
    },
    "node_modules/acorn": {
      "version": "7.4.1",
      "resolved": "https://registry.npmjs.org/acorn/-/acorn-7.4.1.tgz",
      "integrity": "sha512-nQyp0o1/mNdbTO1PO6kHkwSrmgZ0MT/jCCpNiwbUjGoRN4dlBhqJtoQuCnEOKzgTVwg0ZWiCoQy6SxMebQVh8A==",
      "bin": {
        "acorn": "bin/acorn"
      },
      "engines": {
        "node": ">=0.4.0"
      }
    },
    "node_modules/camelcase": {
      "version": "4.1.0",
      "resolved": "https://registry.npmjs.org/camelcase/-/camelcase-4.1.0.tgz",
      "integrity": "sha1-1UVjW+HjPFQmScaRc+Xeas+uNN0=",
      "engines": {
        "node": ">=4"
      }
    },
    "node_modules/dot-prop": {
      "version": "2.0.0",
      "resolved": "https://registry.npmjs.org/dot-prop/-/dot-prop-2.0.0.tgz",
      "integrity": "sha1-L3UzF7XNOgOLvue7qGW9x8obO6g=",
      "engines": {
        "node": ">=0.10.0"
      }
    },
    "node_modules/falafel": {
      "version": "2.2.4",
      "resolved": "https://registry.npmjs.org/falafel/-/falafel-2.2.4.tgz",
      "integrity": "sha512-0HXjo8XASWRmsS0X1EkhwEMZaD3Qvp7FfURwjLKjG1ghfRm/MGZl2r4cWUTv41KdNghTw4OUMmVtdGQp3+H+uQ==",
      "dependencies": {
        "acorn": "^7.1.1",
        "foreach": "^2.0.5",
        "isarray": "^2.0.1",
        "object-keys": "^1.0.6"
      },
      "engines": {
        "node": ">=0.4.0"
      }
    },
    "node_modules/foreach": {
      "version": "2.0.5",
      "resolved": "https://registry.npmjs.org/foreach/-/foreach-2.0.5.tgz",
      "integrity": "sha1-C+4AUBiusmDQo6865ljdATbsG5k="
    },
    "node_modules/immer": {
      "version": "8.0.0",
      "resolved": "https://registry.npmjs.org/immer/-/immer-8.0.0.tgz",
      "integrity": "sha512-jm87NNBAIG4fHwouilCHIecFXp5rMGkiFrAuhVO685UnMAlOneEAnOyzPt8OnP47TC11q/E7vpzZe0WvwepFTg==",
      "funding": {
        "type": "opencollective",
        "url": "https://opencollective.com/immer"
      }
    },
    "node_modules/install": {
      "version": "0.13.0",
      "resolved": "https://registry.npmjs.org/install/-/install-0.13.0.tgz",
      "integrity": "sha512-zDml/jzr2PKU9I8J/xyZBQn8rPCAY//UOYNmR01XwNwyfhEWObo2SWfSl1+0tm1u6PhxLwDnfsT/6jB7OUxqFA==",
      "engines": {
        "node": ">= 0.10"
      }
    },
    "node_modules/isarray": {
      "version": "2.0.5",
      "resolved": "https://registry.npmjs.org/isarray/-/isarray-2.0.5.tgz",
      "integrity": "sha512-xHjhDr3cNBK0BzdUJSPXZntQUx/mwMS5Rw4A7lPJ90XGAO6ISP/ePDNuo0vhqOZU+UD5JoodwCAAoZQd3FeAKw=="
    },
    "node_modules/js-ini": {
      "version": "1.3.0",
      "resolved": "https://registry.npmjs.org/js-ini/-/js-ini-1.3.0.tgz",
      "integrity": "sha512-5MSh1zdBn/r3xnts6YfENzVuIGU2gbJ/Ib6zemYi+04Ui0AQp2QCNoTrlQdn0yNkaNVVg9wHZaoG5bW7Lv+3bA=="
    },
    "node_modules/keyd": {
      "version": "1.3.4",
      "resolved": "https://registry.npmjs.org/keyd/-/keyd-1.3.4.tgz",
      "integrity": "sha512-x60kNdVyvgWjTVved9W9UMAV4SPBS151UhswksMBkHAzSLDtHuz2CdUVZ5y+3E+kmpt+GVcU1k+khKd4bpb/FQ=="
    },
    "node_modules/lodash": {
      "version": "4.17.11",
      "resolved": "https://registry.npmjs.org/lodash/-/lodash-4.17.11.tgz",
      "integrity": "sha512-cQKh8igo5QUhZ7lg38DYWAxMvjSAKG0A8wGSVimP07SIUEK2UO+arSRKbRZWtelMtN5V0Hkwh5ryOto/SshYIg=="
    },
    "node_modules/nested-property": {
      "version": "0.0.5",
      "resolved": "https://registry.npmjs.org/nested-property/-/nested-property-0.0.5.tgz",
      "integrity": "sha1-WZTrWbnR9PkwyDL3H7VcKhXdNrk="
    },
    "node_modules/object-keys": {
      "version": "1.1.1",
      "resolved": "https://registry.npmjs.org/object-keys/-/object-keys-1.1.1.tgz",
      "integrity": "sha512-NuAESUOUMrlIXOfHKzD6bpPu3tYt3xvjNdRIQ+FeT0lNb4K8WR70CaDxhuNguS2XG+GjkyMwOzsN5ZktImfhLA==",
      "engines": {
        "node": ">= 0.4"
      }
    },
    "node_modules/objtools": {
      "version": "3.0.0",
      "resolved": "https://registry.npmjs.org/objtools/-/objtools-3.0.0.tgz",
      "integrity": "sha512-PaQBiyYOqdmTkgqsPJ1URhEjkOj+sQrfutswGir1IY3cicpnC6Of2p2OcqUokPNc1vhupeWyBiSkyPDJ8/TNvQ==",
      "dependencies": {
        "lodash": "^4.17.20",
        "xerror": "^2.0.0"
      },
      "engines": {
        "node": ">= 14.0.0"
      }
    },
    "node_modules/objtools/node_modules/lodash": {
      "version": "4.17.21",
      "resolved": "https://registry.npmjs.org/lodash/-/lodash-4.17.21.tgz",
      "integrity": "sha512-v2kDEe57lecTulaDIuNTPy3Ry4gLGJ6Z1O3vE1krgXZNrsQ+LFTGHVxVjcXPs17LhbZVGedAJv8XZ1tvj5FvSg=="
    },
    "node_modules/property-expr": {
      "version": "2.0.2",
      "resolved": "https://registry.npmjs.org/property-expr/-/property-expr-2.0.2.tgz",
      "integrity": "sha512-bc/5ggaYZxNkFKj374aLbEDqVADdYaLcFo8XBkishUWbaAdjlphaBFns9TvRA2pUseVL/wMFmui9X3IdNDU37g=="
    },
    "node_modules/safe-flat": {
      "version": "2.0.0",
      "resolved": "https://registry.npmjs.org/safe-flat/-/safe-flat-2.0.0.tgz",
      "integrity": "sha512-MSXG9ZY0fqVfnYDt0BlS47sMjQeiDBQfGgI5n8WwApT8pQhpU6/6TJfPXlf1v5dFCe1USastsCp00ECOvNtSPQ=="
    },
    "node_modules/shvl": {
      "version": "2.0.1",
      "resolved": "https://registry.npmjs.org/shvl/-/shvl-2.0.1.tgz",
      "integrity": "sha512-VU7R5Uxp38LKHooGuZe0TcX2EPK95nn8DvclAvTPyD9/qHmXvt3dR2pJ4JLZ8uLjxQNQ3zNLFJCreteIj3cvpw=="
    },
    "node_modules/smart-extend": {
      "version": "1.7.3",
      "resolved": "https://registry.npmjs.org/smart-extend/-/smart-extend-1.7.3.tgz",
      "integrity": "sha512-PVEEVYDDzyxKA0GNFLcWY6oJSkQKdc1w718eQpEHcNuTSWYxDK35GzhsGhMkUU8lBIgSEDbt5x5p46pRz3AubA==",
      "dependencies": {
        "falafel": "^2.1.0"
      }
    },
    "node_modules/supermixer": {
      "version": "1.0.3",
      "resolved": "https://registry.npmjs.org/supermixer/-/supermixer-1.0.3.tgz",
      "integrity": "sha1-oWweTe+an0x18IkGZw8DERd5A+U=",
      "dependencies": {
        "lodash": "^3.8.0"
      }
    },
    "node_modules/supermixer/node_modules/lodash": {
      "version": "3.10.1",
      "resolved": "https://registry.npmjs.org/lodash/-/lodash-3.10.1.tgz",
      "integrity": "sha1-W/Rejkm6QYnhfUgnid/RW9FAt7Y="
    },
    "node_modules/tslib": {
      "version": "1.14.1",
      "resolved": "https://registry.npmjs.org/tslib/-/tslib-1.14.1.tgz",
      "integrity": "sha512-Xni35NKzjgMrwevysHTCArtLDpPvye8zV/0E4EyYn43P7/7qvQwPh9BGkHewbMulVntbigmcT7rdX3BNo9wRJg=="
    },
    "node_modules/upmerge": {
      "version": "0.1.7",
      "resolved": "https://registry.npmjs.org/upmerge/-/upmerge-0.1.7.tgz",
      "integrity": "sha1-f2zQgsK0Kg5wc/NQGDWXi11lPFI="
    },
    "node_modules/xerror": {
      "version": "2.0.0",
      "resolved": "https://registry.npmjs.org/xerror/-/xerror-2.0.0.tgz",
      "integrity": "sha512-dHqPLlgocuNSSHvI/Tedj+YvZmHzRrc4Cdxuu58HK7aPNq9zPgrcDjZ2b1HBGQEnAUKEHToMs35NHMi4CMeEag=="
    },
    "node_modules/y18n": {
      "version": "3.1.0",
      "resolved": "https://registry.npmjs.org/y18n/-/y18n-3.1.0.tgz",
      "integrity": "sha1-388ZST6N2XY6PUvQ+mc943z46GA="
    },
    "node_modules/yargs-parser": {
      "version": "6.0.0",
      "resolved": "https://registry.npmjs.org/yargs-parser/-/yargs-parser-6.0.0.tgz",
      "integrity": "sha1-2MkWJrVgs/0RczkMKLiCqkFxkg0=",
      "dependencies": {
        "camelcase": "^4.1.0"
      }
    }
  },
  "dependencies": {
    "@firebase/util": {
      "version": "0.3.2",
      "resolved": "https://registry.npmjs.org/@firebase/util/-/util-0.3.2.tgz",
      "integrity": "sha512-Dqs00++c8rwKky6KCKLLY2T1qYO4Q+X5t+lF7DInXDNF4ae1Oau35bkD+OpJ9u7l1pEv7KHowP6CUKuySCOc8g==",
      "requires": {
        "tslib": "^1.11.1"
      }
    },
    "acorn": {
      "version": "7.4.1",
      "resolved": "https://registry.npmjs.org/acorn/-/acorn-7.4.1.tgz",
      "integrity": "sha512-nQyp0o1/mNdbTO1PO6kHkwSrmgZ0MT/jCCpNiwbUjGoRN4dlBhqJtoQuCnEOKzgTVwg0ZWiCoQy6SxMebQVh8A=="
    },
    "camelcase": {
      "version": "4.1.0",
      "resolved": "https://registry.npmjs.org/camelcase/-/camelcase-4.1.0.tgz",
      "integrity": "sha1-1UVjW+HjPFQmScaRc+Xeas+uNN0="
    },
    "dot-prop": {
      "version": "2.0.0",
      "resolved": "https://registry.npmjs.org/dot-prop/-/dot-prop-2.0.0.tgz",
      "integrity": "sha1-L3UzF7XNOgOLvue7qGW9x8obO6g="
    },
    "falafel": {
      "version": "2.2.4",
      "resolved": "https://registry.npmjs.org/falafel/-/falafel-2.2.4.tgz",
      "integrity": "sha512-0HXjo8XASWRmsS0X1EkhwEMZaD3Qvp7FfURwjLKjG1ghfRm/MGZl2r4cWUTv41KdNghTw4OUMmVtdGQp3+H+uQ==",
      "requires": {
        "acorn": "^7.1.1",
        "foreach": "^2.0.5",
        "isarray": "^2.0.1",
        "object-keys": "^1.0.6"
      }
    },
    "foreach": {
      "version": "2.0.5",
      "resolved": "https://registry.npmjs.org/foreach/-/foreach-2.0.5.tgz",
      "integrity": "sha1-C+4AUBiusmDQo6865ljdATbsG5k="
    },
    "immer": {
      "version": "8.0.0",
      "resolved": "https://registry.npmjs.org/immer/-/immer-8.0.0.tgz",
      "integrity": "sha512-jm87NNBAIG4fHwouilCHIecFXp5rMGkiFrAuhVO685UnMAlOneEAnOyzPt8OnP47TC11q/E7vpzZe0WvwepFTg=="
    },
    "install": {
      "version": "0.13.0",
      "resolved": "https://registry.npmjs.org/install/-/install-0.13.0.tgz",
      "integrity": "sha512-zDml/jzr2PKU9I8J/xyZBQn8rPCAY//UOYNmR01XwNwyfhEWObo2SWfSl1+0tm1u6PhxLwDnfsT/6jB7OUxqFA=="
    },
    "isarray": {
      "version": "2.0.5",
      "resolved": "https://registry.npmjs.org/isarray/-/isarray-2.0.5.tgz",
      "integrity": "sha512-xHjhDr3cNBK0BzdUJSPXZntQUx/mwMS5Rw4A7lPJ90XGAO6ISP/ePDNuo0vhqOZU+UD5JoodwCAAoZQd3FeAKw=="
    },
    "js-ini": {
      "version": "1.3.0",
      "resolved": "https://registry.npmjs.org/js-ini/-/js-ini-1.3.0.tgz",
      "integrity": "sha512-5MSh1zdBn/r3xnts6YfENzVuIGU2gbJ/Ib6zemYi+04Ui0AQp2QCNoTrlQdn0yNkaNVVg9wHZaoG5bW7Lv+3bA=="
    },
    "keyd": {
      "version": "1.3.4",
      "resolved": "https://registry.npmjs.org/keyd/-/keyd-1.3.4.tgz",
      "integrity": "sha512-x60kNdVyvgWjTVved9W9UMAV4SPBS151UhswksMBkHAzSLDtHuz2CdUVZ5y+3E+kmpt+GVcU1k+khKd4bpb/FQ=="
    },
    "lodash": {
      "version": "4.17.11",
      "resolved": "https://registry.npmjs.org/lodash/-/lodash-4.17.11.tgz",
      "integrity": "sha512-cQKh8igo5QUhZ7lg38DYWAxMvjSAKG0A8wGSVimP07SIUEK2UO+arSRKbRZWtelMtN5V0Hkwh5ryOto/SshYIg=="
    },
    "nested-property": {
      "version": "0.0.5",
      "resolved": "https://registry.npmjs.org/nested-property/-/nested-property-0.0.5.tgz",
      "integrity": "sha1-WZTrWbnR9PkwyDL3H7VcKhXdNrk="
    },
    "object-keys": {
      "version": "1.1.1",
      "resolved": "https://registry.npmjs.org/object-keys/-/object-keys-1.1.1.tgz",
      "integrity": "sha512-NuAESUOUMrlIXOfHKzD6bpPu3tYt3xvjNdRIQ+FeT0lNb4K8WR70CaDxhuNguS2XG+GjkyMwOzsN5ZktImfhLA=="
    },
    "objtools": {
      "version": "3.0.0",
      "resolved": "https://registry.npmjs.org/objtools/-/objtools-3.0.0.tgz",
      "integrity": "sha512-PaQBiyYOqdmTkgqsPJ1URhEjkOj+sQrfutswGir1IY3cicpnC6Of2p2OcqUokPNc1vhupeWyBiSkyPDJ8/TNvQ==",
      "requires": {
        "lodash": "^4.17.20",
        "xerror": "^2.0.0"
      },
      "dependencies": {
        "lodash": {
          "version": "4.17.21",
          "resolved": "https://registry.npmjs.org/lodash/-/lodash-4.17.21.tgz",
          "integrity": "sha512-v2kDEe57lecTulaDIuNTPy3Ry4gLGJ6Z1O3vE1krgXZNrsQ+LFTGHVxVjcXPs17LhbZVGedAJv8XZ1tvj5FvSg=="
        }
      }
    },
    "property-expr": {
      "version": "2.0.2",
      "resolved": "https://registry.npmjs.org/property-expr/-/property-expr-2.0.2.tgz",
      "integrity": "sha512-bc/5ggaYZxNkFKj374aLbEDqVADdYaLcFo8XBkishUWbaAdjlphaBFns9TvRA2pUseVL/wMFmui9X3IdNDU37g=="
    },
    "safe-flat": {
      "version": "2.0.0",
      "resolved": "https://registry.npmjs.org/safe-flat/-/safe-flat-2.0.0.tgz",
      "integrity": "sha512-MSXG9ZY0fqVfnYDt0BlS47sMjQeiDBQfGgI5n8WwApT8pQhpU6/6TJfPXlf1v5dFCe1USastsCp00ECOvNtSPQ=="
    },
    "shvl": {
      "version": "2.0.1",
      "resolved": "https://registry.npmjs.org/shvl/-/shvl-2.0.1.tgz",
      "integrity": "sha512-VU7R5Uxp38LKHooGuZe0TcX2EPK95nn8DvclAvTPyD9/qHmXvt3dR2pJ4JLZ8uLjxQNQ3zNLFJCreteIj3cvpw=="
    },
    "smart-extend": {
      "version": "1.7.3",
      "resolved": "https://registry.npmjs.org/smart-extend/-/smart-extend-1.7.3.tgz",
      "integrity": "sha512-PVEEVYDDzyxKA0GNFLcWY6oJSkQKdc1w718eQpEHcNuTSWYxDK35GzhsGhMkUU8lBIgSEDbt5x5p46pRz3AubA==",
      "requires": {
        "falafel": "^2.1.0"
      }
    },
    "supermixer": {
      "version": "1.0.3",
      "resolved": "https://registry.npmjs.org/supermixer/-/supermixer-1.0.3.tgz",
      "integrity": "sha1-oWweTe+an0x18IkGZw8DERd5A+U=",
      "requires": {
        "lodash": "^3.8.0"
      },
      "dependencies": {
        "lodash": {
          "version": "3.10.1",
          "resolved": "https://registry.npmjs.org/lodash/-/lodash-3.10.1.tgz",
          "integrity": "sha1-W/Rejkm6QYnhfUgnid/RW9FAt7Y="
        }
      }
    },
    "tslib": {
      "version": "1.14.1",
      "resolved": "https://registry.npmjs.org/tslib/-/tslib-1.14.1.tgz",
      "integrity": "sha512-Xni35NKzjgMrwevysHTCArtLDpPvye8zV/0E4EyYn43P7/7qvQwPh9BGkHewbMulVntbigmcT7rdX3BNo9wRJg=="
    },
    "upmerge": {
      "version": "0.1.7",
      "resolved": "https://registry.npmjs.org/upmerge/-/upmerge-0.1.7.tgz",
      "integrity": "sha1-f2zQgsK0Kg5wc/NQGDWXi11lPFI="
    },
    "xerror": {
      "version": "2.0.0",
      "resolved": "https://registry.npmjs.org/xerror/-/xerror-2.0.0.tgz",
      "integrity": "sha512-dHqPLlgocuNSSHvI/Tedj+YvZmHzRrc4Cdxuu58HK7aPNq9zPgrcDjZ2b1HBGQEnAUKEHToMs35NHMi4CMeEag=="
    },
    "y18n": {
      "version": "3.1.0",
      "resolved": "https://registry.npmjs.org/y18n/-/y18n-3.1.0.tgz",
      "integrity": "sha1-388ZST6N2XY6PUvQ+mc943z46GA="
    },
    "yargs-parser": {
      "version": "6.0.0",
      "resolved": "https://registry.npmjs.org/yargs-parser/-/yargs-parser-6.0.0.tgz",
      "integrity": "sha1-2MkWJrVgs/0RczkMKLiCqkFxkg0=",
      "requires": {
        "camelcase": "^4.1.0"
      }
    }
  }
}
